
Microsoft Visual Studio Solution File, Format Version 12.00
# Visual Studio Version 16
VisualStudioVersion = 16.0.31624.102
MinimumVisualStudioVersion = 10.0.40219.1
Project("{FAE04EC0-301F-11D3-BF4B-00C04F79EFBC}") = "give_higher_lower", "give_higher_lower.csproj", "{7F0A4EC0-B2F5-486C-A9F5-B81B1E5E0A4D}"
EndProject
Global
	GlobalSection(SolutionConfigurationPlatforms) = preSolution
		Debug|Any CPU = Debug|Any CPU
		Release|Any CPU = Release|Any CPU
	EndGlobalSection
	GlobalSection(ProjectConfigurationPlatforms) = postSolution
		{7F0A4EC0-B2F5-486C-A9F5-B81B1E5E0A4D}.Debug|Any CPU.ActiveCfg = Debug|Any CPU
		{7F0A4EC0-B2F5-486C-A9F5-B81B1E5E0A4D}.Debug|Any CPU.Build.0 = Debug|Any CPU
		{7F0A4EC0-B2F5-486C-A9F5-B81B1E5E0A4D}.Release|Any CPU.ActiveCfg = Release|Any CPU
		{7F0A4EC0-B2F5-486C-A9F5-B81B1E5E0A4D}.Release|Any CPU.Build.0 = Release|Any CPU
	EndGlobalSection
	GlobalSection(SolutionProperties) = preSolution
		HideSolutionNode = FALSE
	EndGlobalSection
	GlobalSection(ExtensibilityGlobals) = postSolution
		SolutionGuid = {0C99712B-2D85-445E-AAEF-80AF0C3FE98F}
	EndGlobalSection
EndGlobal
