
Microsoft Visual Studio Solution File, Format Version 12.00
# Visual Studio Version 16
VisualStudioVersion = 16.0.31624.102
MinimumVisualStudioVersion = 10.0.40219.1
Project("{FAE04EC0-301F-11D3-BF4B-00C04F79EFBC}") = "structures_in_c_sharp", "structures_in_c_sharp.csproj", "{DCF97AFE-CC68-4CCF-A3B4-1162E87F6CEA}"
EndProject
Global
	GlobalSection(SolutionConfigurationPlatforms) = preSolution
		Debug|Any CPU = Debug|Any CPU
		Release|Any CPU = Release|Any CPU
	EndGlobalSection
	GlobalSection(ProjectConfigurationPlatforms) = postSolution
		{DCF97AFE-CC68-4CCF-A3B4-1162E87F6CEA}.Debug|Any CPU.ActiveCfg = Debug|Any CPU
		{DCF97AFE-CC68-4CCF-A3B4-1162E87F6CEA}.Debug|Any CPU.Build.0 = Debug|Any CPU
		{DCF97AFE-CC68-4CCF-A3B4-1162E87F6CEA}.Release|Any CPU.ActiveCfg = Release|Any CPU
		{DCF97AFE-CC68-4CCF-A3B4-1162E87F6CEA}.Release|Any CPU.Build.0 = Release|Any CPU
	EndGlobalSection
	GlobalSection(SolutionProperties) = preSolution
		HideSolutionNode = FALSE
	EndGlobalSection
	GlobalSection(ExtensibilityGlobals) = postSolution
		SolutionGuid = {AC382A74-D273-4354-80FA-70E0FCA60BE2}
	EndGlobalSection
EndGlobal
